
Microsoft Visual Studio Solution File, Format Version 12.00
# Visual Studio 14
VisualStudioVersion = 14.0.25420.1
MinimumVisualStudioVersion = 10.0.40219.1
Project("{FAE04EC0-301F-11D3-BF4B-00C04F79EFBC}") = "ConsidChallengeSolution", "ConsidChallengeSolution\ConsidChallengeSolution.csproj", "{4612CF99-6DBD-47D9-A8ED-A61321CDBEFB}"
EndProject
Global
	GlobalSection(SolutionConfigurationPlatforms) = preSolution
		Debug|Any CPU = Debug|Any CPU
		Release|Any CPU = Release|Any CPU
		Time|Any CPU = Time|Any CPU
	EndGlobalSection
	GlobalSection(ProjectConfigurationPlatforms) = postSolution
		{4612CF99-6DBD-47D9-A8ED-A61321CDBEFB}.Debug|Any CPU.ActiveCfg = Debug|Any CPU
		{4612CF99-6DBD-47D9-A8ED-A61321CDBEFB}.Debug|Any CPU.Build.0 = Debug|Any CPU
		{4612CF99-6DBD-47D9-A8ED-A61321CDBEFB}.Release|Any CPU.ActiveCfg = Release|Any CPU
		{4612CF99-6DBD-47D9-A8ED-A61321CDBEFB}.Release|Any CPU.Build.0 = Release|Any CPU
		{4612CF99-6DBD-47D9-A8ED-A61321CDBEFB}.Time|Any CPU.ActiveCfg = Time|Any CPU
		{4612CF99-6DBD-47D9-A8ED-A61321CDBEFB}.Time|Any CPU.Build.0 = Time|Any CPU
		{4612CF99-6DBD-47D9-A8ED-A61321CDBEFB}.Time|Any CPU.Deploy.0 = Time|Any CPU
	EndGlobalSection
	GlobalSection(SolutionProperties) = preSolution
		HideSolutionNode = FALSE
	EndGlobalSection
EndGlobal
